// !$*UTF8*$!
{
	archiveVersion = 1;
	classes = {
	};
	objectVersion = 46;
	objects = {

/* Begin PBXBuildFile section */
		8EFC794D7661AF525446A650 /* Pods_WatchPTLose.framework in Frameworks */ = {isa = PBXBuildFile; fileRef = 69DCE5ACC5766855934D93A0 /* Pods_WatchPTLose.framework */; };
		FA87817F1EADECDB000228C5 /* ChartViewController.m in Sources */ = {isa = PBXBuildFile; fileRef = FA87817E1EADECDB000228C5 /* ChartViewController.m */; };
		FA8781821EADF76C000228C5 /* DateValueFormatter.m in Sources */ = {isa = PBXBuildFile; fileRef = FA8781811EADF76C000228C5 /* DateValueFormatter.m */; };
		FAEE49CF1CCC686E004F0433 /* main.m in Sources */ = {isa = PBXBuildFile; fileRef = FAEE49CE1CCC686E004F0433 /* main.m */; };
		FAEE49D21CCC686E004F0433 /* AppDelegate.m in Sources */ = {isa = PBXBuildFile; fileRef = FAEE49D11CCC686E004F0433 /* AppDelegate.m */; };
		FAEE49D51CCC686E004F0433 /* ViewController.m in Sources */ = {isa = PBXBuildFile; fileRef = FAEE49D41CCC686E004F0433 /* ViewController.m */; };
		FAEE49DA1CCC686E004F0433 /* Assets.xcassets in Resources */ = {isa = PBXBuildFile; fileRef = FAEE49D91CCC686E004F0433 /* Assets.xcassets */; };
		FAEE49DD1CCC686E004F0433 /* LaunchScreen.storyboard in Resources */ = {isa = PBXBuildFile; fileRef = FAEE49DB1CCC686E004F0433 /* LaunchScreen.storyboard */; };
		FAEE49E81CCC686E004F0433 /* WatchPTLoseTests.m in Sources */ = {isa = PBXBuildFile; fileRef = FAEE49E71CCC686E004F0433 /* WatchPTLoseTests.m */; };
		FAEE49F41CCC6E08004F0433 /* PTService.m in Sources */ = {isa = PBXBuildFile; fileRef = FAEE49F31CCC6E08004F0433 /* PTService.m */; };
		FAEE49F71CCC6E5D004F0433 /* GambleRecord.m in Sources */ = {isa = PBXBuildFile; fileRef = FAEE49F61CCC6E5D004F0433 /* GambleRecord.m */; };
		FAEE49FA1CCCC922004F0433 /* EventListViewController.m in Sources */ = {isa = PBXBuildFile; fileRef = FAEE49F91CCCC922004F0433 /* EventListViewController.m */; };
		FAEE49FD1CCCD240004F0433 /* ThemeService.m in Sources */ = {isa = PBXBuildFile; fileRef = FAEE49FC1CCCD240004F0433 /* ThemeService.m */; };
		FAEE4A001CCCE3A1004F0433 /* BevViewController.m in Sources */ = {isa = PBXBuildFile; fileRef = FAEE49FF1CCCE3A1004F0433 /* BevViewController.m */; };
		FAEE4A031CCCF026004F0433 /* BevRecord.m in Sources */ = {isa = PBXBuildFile; fileRef = FAEE4A021CCCF026004F0433 /* BevRecord.m */; };
/* End PBXBuildFile section */

/* Begin PBXContainerItemProxy section */
		FAEE49E41CCC686E004F0433 /* PBXContainerItemProxy */ = {
			isa = PBXContainerItemProxy;
			containerPortal = FAEE49C21CCC686E004F0433 /* Project object */;
			proxyType = 1;
			remoteGlobalIDString = FAEE49C91CCC686E004F0433;
			remoteInfo = WatchPTLose;
		};
/* End PBXContainerItemProxy section */

/* Begin PBXFileReference section */
		69DCE5ACC5766855934D93A0 /* Pods_WatchPTLose.framework */ = {isa = PBXFileReference; explicitFileType = wrapper.framework; includeInIndex = 0; path = Pods_WatchPTLose.framework; sourceTree = BUILT_PRODUCTS_DIR; };
		AB0394E0A7D2210F9AE6DC9F /* Pods-WatchPTLose.debug.xcconfig */ = {isa = PBXFileReference; includeInIndex = 1; lastKnownFileType = text.xcconfig; name = "Pods-WatchPTLose.debug.xcconfig"; path = "Pods/Target Support Files/Pods-WatchPTLose/Pods-WatchPTLose.debug.xcconfig"; sourceTree = "<group>"; };
		D25D3925E54F03077FA361E8 /* Pods-WatchPTLose.release.xcconfig */ = {isa = PBXFileReference; includeInIndex = 1; lastKnownFileType = text.xcconfig; name = "Pods-WatchPTLose.release.xcconfig"; path = "Pods/Target Support Files/Pods-WatchPTLose/Pods-WatchPTLose.release.xcconfig"; sourceTree = "<group>"; };
		FA87817D1EADECDB000228C5 /* ChartViewController.h */ = {isa = PBXFileReference; fileEncoding = 4; lastKnownFileType = sourcecode.c.h; path = ChartViewController.h; sourceTree = "<group>"; };
		FA87817E1EADECDB000228C5 /* ChartViewController.m */ = {isa = PBXFileReference; fileEncoding = 4; lastKnownFileType = sourcecode.c.objc; path = ChartViewController.m; sourceTree = "<group>"; };
		FA8781801EADF76C000228C5 /* DateValueFormatter.h */ = {isa = PBXFileReference; fileEncoding = 4; lastKnownFileType = sourcecode.c.h; path = DateValueFormatter.h; sourceTree = "<group>"; };
		FA8781811EADF76C000228C5 /* DateValueFormatter.m */ = {isa = PBXFileReference; fileEncoding = 4; lastKnownFileType = sourcecode.c.objc; path = DateValueFormatter.m; sourceTree = "<group>"; };
		FAEE49CA1CCC686E004F0433 /* WatchPTLose.app */ = {isa = PBXFileReference; explicitFileType = wrapper.application; includeInIndex = 0; path = WatchPTLose.app; sourceTree = BUILT_PRODUCTS_DIR; };
		FAEE49CE1CCC686E004F0433 /* main.m */ = {isa = PBXFileReference; lastKnownFileType = sourcecode.c.objc; path = main.m; sourceTree = "<group>"; };
		FAEE49D01CCC686E004F0433 /* AppDelegate.h */ = {isa = PBXFileReference; lastKnownFileType = sourcecode.c.h; path = AppDelegate.h; sourceTree = "<group>"; };
		FAEE49D11CCC686E004F0433 /* AppDelegate.m */ = {isa = PBXFileReference; lastKnownFileType = sourcecode.c.objc; path = AppDelegate.m; sourceTree = "<group>"; };
		FAEE49D31CCC686E004F0433 /* ViewController.h */ = {isa = PBXFileReference; lastKnownFileType = sourcecode.c.h; path = ViewController.h; sourceTree = "<group>"; };
		FAEE49D41CCC686E004F0433 /* ViewController.m */ = {isa = PBXFileReference; lastKnownFileType = sourcecode.c.objc; path = ViewController.m; sourceTree = "<group>"; };
		FAEE49D91CCC686E004F0433 /* Assets.xcassets */ = {isa = PBXFileReference; lastKnownFileType = folder.assetcatalog; path = Assets.xcassets; sourceTree = "<group>"; };
		FAEE49DC1CCC686E004F0433 /* Base */ = {isa = PBXFileReference; lastKnownFileType = file.storyboard; name = Base; path = Base.lproj/LaunchScreen.storyboard; sourceTree = "<group>"; };
		FAEE49DE1CCC686E004F0433 /* Info.plist */ = {isa = PBXFileReference; lastKnownFileType = text.plist.xml; path = Info.plist; sourceTree = "<group>"; };
		FAEE49E31CCC686E004F0433 /* WatchPTLoseTests.xctest */ = {isa = PBXFileReference; explicitFileType = wrapper.cfbundle; includeInIndex = 0; path = WatchPTLoseTests.xctest; sourceTree = BUILT_PRODUCTS_DIR; };
		FAEE49E71CCC686E004F0433 /* WatchPTLoseTests.m */ = {isa = PBXFileReference; lastKnownFileType = sourcecode.c.objc; path = WatchPTLoseTests.m; sourceTree = "<group>"; };
		FAEE49E91CCC686E004F0433 /* Info.plist */ = {isa = PBXFileReference; lastKnownFileType = text.plist.xml; path = Info.plist; sourceTree = "<group>"; };
		FAEE49F21CCC6E08004F0433 /* PTService.h */ = {isa = PBXFileReference; fileEncoding = 4; lastKnownFileType = sourcecode.c.h; path = PTService.h; sourceTree = "<group>"; };
		FAEE49F31CCC6E08004F0433 /* PTService.m */ = {isa = PBXFileReference; fileEncoding = 4; lastKnownFileType = sourcecode.c.objc; path = PTService.m; sourceTree = "<group>"; };
		FAEE49F51CCC6E5D004F0433 /* GambleRecord.h */ = {isa = PBXFileReference; fileEncoding = 4; lastKnownFileType = sourcecode.c.h; path = GambleRecord.h; sourceTree = "<group>"; };
		FAEE49F61CCC6E5D004F0433 /* GambleRecord.m */ = {isa = PBXFileReference; fileEncoding = 4; lastKnownFileType = sourcecode.c.objc; path = GambleRecord.m; sourceTree = "<group>"; };
		FAEE49F81CCCC922004F0433 /* EventListViewController.h */ = {isa = PBXFileReference; fileEncoding = 4; lastKnownFileType = sourcecode.c.h; path = EventListViewController.h; sourceTree = "<group>"; };
		FAEE49F91CCCC922004F0433 /* EventListViewController.m */ = {isa = PBXFileReference; fileEncoding = 4; lastKnownFileType = sourcecode.c.objc; path = EventListViewController.m; sourceTree = "<group>"; };
		FAEE49FB1CCCD240004F0433 /* ThemeService.h */ = {isa = PBXFileReference; fileEncoding = 4; lastKnownFileType = sourcecode.c.h; path = ThemeService.h; sourceTree = "<group>"; };
		FAEE49FC1CCCD240004F0433 /* ThemeService.m */ = {isa = PBXFileReference; fileEncoding = 4; lastKnownFileType = sourcecode.c.objc; path = ThemeService.m; sourceTree = "<group>"; };
		FAEE49FE1CCCE3A1004F0433 /* BevViewController.h */ = {isa = PBXFileReference; fileEncoding = 4; lastKnownFileType = sourcecode.c.h; path = BevViewController.h; sourceTree = "<group>"; };
		FAEE49FF1CCCE3A1004F0433 /* BevViewController.m */ = {isa = PBXFileReference; fileEncoding = 4; lastKnownFileType = sourcecode.c.objc; path = BevViewController.m; sourceTree = "<group>"; };
		FAEE4A011CCCF026004F0433 /* BevRecord.h */ = {isa = PBXFileReference; fileEncoding = 4; lastKnownFileType = sourcecode.c.h; path = BevRecord.h; sourceTree = "<group>"; };
		FAEE4A021CCCF026004F0433 /* BevRecord.m */ = {isa = PBXFileReference; fileEncoding = 4; lastKnownFileType = sourcecode.c.objc; path = BevRecord.m; sourceTree = "<group>"; };
/* End PBXFileReference section */

/* Begin PBXFrameworksBuildPhase section */
		FAEE49C71CCC686E004F0433 /* Frameworks */ = {
			isa = PBXFrameworksBuildPhase;
			buildActionMask = 2147483647;
			files = (
				8EFC794D7661AF525446A650 /* Pods_WatchPTLose.framework in Frameworks */,
			);
			runOnlyForDeploymentPostprocessing = 0;
		};
		FAEE49E01CCC686E004F0433 /* Frameworks */ = {
			isa = PBXFrameworksBuildPhase;
			buildActionMask = 2147483647;
			files = (
			);
			runOnlyForDeploymentPostprocessing = 0;
		};
/* End PBXFrameworksBuildPhase section */

/* Begin PBXGroup section */
		4EA76E0F2C72DBB89276344A /* Frameworks */ = {
			isa = PBXGroup;
			children = (
				69DCE5ACC5766855934D93A0 /* Pods_WatchPTLose.framework */,
			);
			name = Frameworks;
			sourceTree = "<group>";
		};
		E493EE91CEB46E68D8F16B31 /* Pods */ = {
			isa = PBXGroup;
			children = (
				AB0394E0A7D2210F9AE6DC9F /* Pods-WatchPTLose.debug.xcconfig */,
				D25D3925E54F03077FA361E8 /* Pods-WatchPTLose.release.xcconfig */,
			);
			name = Pods;
			sourceTree = "<group>";
		};
		FAEE49C11CCC686E004F0433 = {
			isa = PBXGroup;
			children = (
				FAEE49CC1CCC686E004F0433 /* WatchPTLose */,
				FAEE49E61CCC686E004F0433 /* WatchPTLoseTests */,
				FAEE49CB1CCC686E004F0433 /* Products */,
				E493EE91CEB46E68D8F16B31 /* Pods */,
				4EA76E0F2C72DBB89276344A /* Frameworks */,
			);
			sourceTree = "<group>";
		};
		FAEE49CB1CCC686E004F0433 /* Products */ = {
			isa = PBXGroup;
			children = (
				FAEE49CA1CCC686E004F0433 /* WatchPTLose.app */,
				FAEE49E31CCC686E004F0433 /* WatchPTLoseTests.xctest */,
			);
			name = Products;
			sourceTree = "<group>";
		};
		FAEE49CC1CCC686E004F0433 /* WatchPTLose */ = {
			isa = PBXGroup;
			children = (
				FA8781801EADF76C000228C5 /* DateValueFormatter.h */,
				FA8781811EADF76C000228C5 /* DateValueFormatter.m */,
				FAEE49D01CCC686E004F0433 /* AppDelegate.h */,
				FAEE49D11CCC686E004F0433 /* AppDelegate.m */,
				FAEE49D31CCC686E004F0433 /* ViewController.h */,
				FAEE49D41CCC686E004F0433 /* ViewController.m */,
				FAEE49D91CCC686E004F0433 /* Assets.xcassets */,
				FAEE49DB1CCC686E004F0433 /* LaunchScreen.storyboard */,
				FAEE49DE1CCC686E004F0433 /* Info.plist */,
				FAEE49CD1CCC686E004F0433 /* Supporting Files */,
				FAEE49F21CCC6E08004F0433 /* PTService.h */,
				FAEE49F31CCC6E08004F0433 /* PTService.m */,
				FAEE49F51CCC6E5D004F0433 /* GambleRecord.h */,
				FAEE49F61CCC6E5D004F0433 /* GambleRecord.m */,
				FAEE49F81CCCC922004F0433 /* EventListViewController.h */,
				FAEE49F91CCCC922004F0433 /* EventListViewController.m */,
				FAEE49FB1CCCD240004F0433 /* ThemeService.h */,
				FAEE49FC1CCCD240004F0433 /* ThemeService.m */,
				FAEE49FE1CCCE3A1004F0433 /* BevViewController.h */,
				FAEE49FF1CCCE3A1004F0433 /* BevViewController.m */,
				FAEE4A011CCCF026004F0433 /* BevRecord.h */,
				FAEE4A021CCCF026004F0433 /* BevRecord.m */,
				FA87817D1EADECDB000228C5 /* ChartViewController.h */,
				FA87817E1EADECDB000228C5 /* ChartViewController.m */,
			);
			path = WatchPTLose;
			sourceTree = "<group>";
		};
		FAEE49CD1CCC686E004F0433 /* Supporting Files */ = {
			isa = PBXGroup;
			children = (
				FAEE49CE1CCC686E004F0433 /* main.m */,
			);
			name = "Supporting Files";
			sourceTree = "<group>";
		};
		FAEE49E61CCC686E004F0433 /* WatchPTLoseTests */ = {
			isa = PBXGroup;
			children = (
				FAEE49E71CCC686E004F0433 /* WatchPTLoseTests.m */,
				FAEE49E91CCC686E004F0433 /* Info.plist */,
			);
			path = WatchPTLoseTests;
			sourceTree = "<group>";
		};
/* End PBXGroup section */

/* Begin PBXNativeTarget section */
		FAEE49C91CCC686E004F0433 /* WatchPTLose */ = {
			isa = PBXNativeTarget;
			buildConfigurationList = FAEE49EC1CCC686E004F0433 /* Build configuration list for PBXNativeTarget "WatchPTLose" */;
			buildPhases = (
				4A97F7EA043969C407207D76 /* [CP] Check Pods Manifest.lock */,
				FAEE49C61CCC686E004F0433 /* Sources */,
				FAEE49C71CCC686E004F0433 /* Frameworks */,
				FAEE49C81CCC686E004F0433 /* Resources */,
				00C4A2AF3F77BD41197CA212 /* [CP] Embed Pods Frameworks */,
				46DF4DB72985116C6CDD73C3 /* [CP] Copy Pods Resources */,
			);
			buildRules = (
			);
			dependencies = (
			);
			name = WatchPTLose;
			productName = WatchPTLose;
			productReference = FAEE49CA1CCC686E004F0433 /* WatchPTLose.app */;
			productType = "com.apple.product-type.application";
		};
		FAEE49E21CCC686E004F0433 /* WatchPTLoseTests */ = {
			isa = PBXNativeTarget;
			buildConfigurationList = FAEE49EF1CCC686E004F0433 /* Build configuration list for PBXNativeTarget "WatchPTLoseTests" */;
			buildPhases = (
				FAEE49DF1CCC686E004F0433 /* Sources */,
				FAEE49E01CCC686E004F0433 /* Frameworks */,
				FAEE49E11CCC686E004F0433 /* Resources */,
			);
			buildRules = (
			);
			dependencies = (
				FAEE49E51CCC686E004F0433 /* PBXTargetDependency */,
			);
			name = WatchPTLoseTests;
			productName = WatchPTLoseTests;
			productReference = FAEE49E31CCC686E004F0433 /* WatchPTLoseTests.xctest */;
			productType = "com.apple.product-type.bundle.unit-test";
		};
/* End PBXNativeTarget section */

/* Begin PBXProject section */
		FAEE49C21CCC686E004F0433 /* Project object */ = {
			isa = PBXProject;
			attributes = {
				LastUpgradeCheck = 0730;
				ORGANIZATIONNAME = "Alex Skorulis";
				TargetAttributes = {
					FAEE49C91CCC686E004F0433 = {
						CreatedOnToolsVersion = 7.3;
					};
					FAEE49E21CCC686E004F0433 = {
						CreatedOnToolsVersion = 7.3;
						TestTargetID = FAEE49C91CCC686E004F0433;
					};
				};
			};
			buildConfigurationList = FAEE49C51CCC686E004F0433 /* Build configuration list for PBXProject "WatchPTLose" */;
			compatibilityVersion = "Xcode 3.2";
			developmentRegion = English;
			hasScannedForEncodings = 0;
			knownRegions = (
				en,
				Base,
			);
			mainGroup = FAEE49C11CCC686E004F0433;
			productRefGroup = FAEE49CB1CCC686E004F0433 /* Products */;
			projectDirPath = "";
			projectRoot = "";
			targets = (
				FAEE49C91CCC686E004F0433 /* WatchPTLose */,
				FAEE49E21CCC686E004F0433 /* WatchPTLoseTests */,
			);
		};
/* End PBXProject section */

/* Begin PBXResourcesBuildPhase section */
		FAEE49C81CCC686E004F0433 /* Resources */ = {
			isa = PBXResourcesBuildPhase;
			buildActionMask = 2147483647;
			files = (
				FAEE49DD1CCC686E004F0433 /* LaunchScreen.storyboard in Resources */,
				FAEE49DA1CCC686E004F0433 /* Assets.xcassets in Resources */,
			);
			runOnlyForDeploymentPostprocessing = 0;
		};
		FAEE49E11CCC686E004F0433 /* Resources */ = {
			isa = PBXResourcesBuildPhase;
			buildActionMask = 2147483647;
			files = (
			);
			runOnlyForDeploymentPostprocessing = 0;
		};
/* End PBXResourcesBuildPhase section */

/* Begin PBXShellScriptBuildPhase section */
		00C4A2AF3F77BD41197CA212 /* [CP] Embed Pods Frameworks */ = {
			isa = PBXShellScriptBuildPhase;
			buildActionMask = 2147483647;
			files = (
			);
			inputPaths = (
			);
			name = "[CP] Embed Pods Frameworks";
			outputPaths = (
			);
			runOnlyForDeploymentPostprocessing = 0;
			shellPath = /bin/sh;
			shellScript = "\"${SRCROOT}/Pods/Target Support Files/Pods-WatchPTLose/Pods-WatchPTLose-frameworks.sh\"\n";
			showEnvVarsInLog = 0;
		};
		46DF4DB72985116C6CDD73C3 /* [CP] Copy Pods Resources */ = {
			isa = PBXShellScriptBuildPhase;
			buildActionMask = 2147483647;
			files = (
			);
			inputPaths = (
			);
			name = "[CP] Copy Pods Resources";
			outputPaths = (
			);
			runOnlyForDeploymentPostprocessing = 0;
			shellPath = /bin/sh;
			shellScript = "\"${SRCROOT}/Pods/Target Support Files/Pods-WatchPTLose/Pods-WatchPTLose-resources.sh\"\n";
			showEnvVarsInLog = 0;
		};
		4A97F7EA043969C407207D76 /* [CP] Check Pods Manifest.lock */ = {
			isa = PBXShellScriptBuildPhase;
			buildActionMask = 2147483647;
			files = (
			);
			inputPaths = (
			);
			name = "[CP] Check Pods Manifest.lock";
			outputPaths = (
			);
			runOnlyForDeploymentPostprocessing = 0;
			shellPath = /bin/sh;
			shellScript = "diff \"${PODS_PODFILE_DIR_PATH}/Podfile.lock\" \"${PODS_ROOT}/Manifest.lock\" > /dev/null\nif [ $? != 0 ] ; then\n    # print error to STDERR\n    echo \"error: The sandbox is not in sync with the Podfile.lock. Run 'pod install' or update your CocoaPods installation.\" >&2\n    exit 1\nfi\n";
			showEnvVarsInLog = 0;
		};
/* End PBXShellScriptBuildPhase section */

/* Begin PBXSourcesBuildPhase section */
		FAEE49C61CCC686E004F0433 /* Sources */ = {
			isa = PBXSourcesBuildPhase;
			buildActionMask = 2147483647;
			files = (
				FAEE49D51CCC686E004F0433 /* ViewController.m in Sources */,
				FAEE4A031CCCF026004F0433 /* BevRecord.m in Sources */,
				FAEE49FA1CCCC922004F0433 /* EventListViewController.m in Sources */,
				FAEE4A001CCCE3A1004F0433 /* BevViewController.m in Sources */,
				FAEE49FD1CCCD240004F0433 /* ThemeService.m in Sources */,
				FA87817F1EADECDB000228C5 /* ChartViewController.m in Sources */,
				FAEE49D21CCC686E004F0433 /* AppDelegate.m in Sources */,
				FAEE49F71CCC6E5D004F0433 /* GambleRecord.m in Sources */,
				FAEE49CF1CCC686E004F0433 /* main.m in Sources */,
				FA8781821EADF76C000228C5 /* DateValueFormatter.m in Sources */,
				FAEE49F41CCC6E08004F0433 /* PTService.m in Sources */,
			);
			runOnlyForDeploymentPostprocessing = 0;
		};
		FAEE49DF1CCC686E004F0433 /* Sources */ = {
			isa = PBXSourcesBuildPhase;
			buildActionMask = 2147483647;
			files = (
				FAEE49E81CCC686E004F0433 /* WatchPTLoseTests.m in Sources */,
			);
			runOnlyForDeploymentPostprocessing = 0;
		};
/* End PBXSourcesBuildPhase section */

/* Begin PBXTargetDependency section */
		FAEE49E51CCC686E004F0433 /* PBXTargetDependency */ = {
			isa = PBXTargetDependency;
			target = FAEE49C91CCC686E004F0433 /* WatchPTLose */;
			targetProxy = FAEE49E41CCC686E004F0433 /* PBXContainerItemProxy */;
		};
/* End PBXTargetDependency section */

/* Begin PBXVariantGroup section */
		FAEE49DB1CCC686E004F0433 /* LaunchScreen.storyboard */ = {
			isa = PBXVariantGroup;
			children = (
				FAEE49DC1CCC686E004F0433 /* Base */,
			);
			name = LaunchScreen.storyboard;
			sourceTree = "<group>";
		};
/* End PBXVariantGroup section */

/* Begin XCBuildConfiguration section */
		FAEE49EA1CCC686E004F0433 /* Debug */ = {
			isa = XCBuildConfiguration;
			buildSettings = {
				ALWAYS_SEARCH_USER_PATHS = NO;
				CLANG_ANALYZER_NONNULL = YES;
				CLANG_CXX_LANGUAGE_STANDARD = "gnu++0x";
				CLANG_CXX_LIBRARY = "libc++";
				CLANG_ENABLE_MODULES = YES;
				CLANG_ENABLE_OBJC_ARC = YES;
				CLANG_WARN_BOOL_CONVERSION = YES;
				CLANG_WARN_CONSTANT_CONVERSION = YES;
				CLANG_WARN_DIRECT_OBJC_ISA_USAGE = YES_ERROR;
				CLANG_WARN_EMPTY_BODY = YES;
				CLANG_WARN_ENUM_CONVERSION = YES;
				CLANG_WARN_INT_CONVERSION = YES;
				CLANG_WARN_OBJC_ROOT_CLASS = YES_ERROR;
				CLANG_WARN_UNREACHABLE_CODE = YES;
				CLANG_WARN__DUPLICATE_METHOD_MATCH = YES;
				"CODE_SIGN_IDENTITY[sdk=iphoneos*]" = "iPhone Developer";
				COPY_PHASE_STRIP = NO;
				DEBUG_INFORMATION_FORMAT = dwarf;
				ENABLE_STRICT_OBJC_MSGSEND = YES;
				ENABLE_TESTABILITY = YES;
				GCC_C_LANGUAGE_STANDARD = gnu99;
				GCC_DYNAMIC_NO_PIC = NO;
				GCC_NO_COMMON_BLOCKS = YES;
				GCC_OPTIMIZATION_LEVEL = 0;
				GCC_PREPROCESSOR_DEFINITIONS = (
					"DEBUG=1",
					"$(inherited)",
				);
				GCC_WARN_64_TO_32_BIT_CONVERSION = YES;
				GCC_WARN_ABOUT_RETURN_TYPE = YES_ERROR;
				GCC_WARN_UNDECLARED_SELECTOR = YES;
				GCC_WARN_UNINITIALIZED_AUTOS = YES_AGGRESSIVE;
				GCC_WARN_UNUSED_FUNCTION = YES;
				GCC_WARN_UNUSED_VARIABLE = YES;
				IPHONEOS_DEPLOYMENT_TARGET = 9.3;
				MTL_ENABLE_DEBUG_INFO = YES;
				ONLY_ACTIVE_ARCH = YES;
				SDKROOT = iphoneos;
				TARGETED_DEVICE_FAMILY = "1,2";
			};
			name = Debug;
		};
		FAEE49EB1CCC686E004F0433 /* Release */ = {
			isa = XCBuildConfiguration;
			buildSettings = {
				ALWAYS_SEARCH_USER_PATHS = NO;
				CLANG_ANALYZER_NONNULL = YES;
				CLANG_CXX_LANGUAGE_STANDARD = "gnu++0x";
				CLANG_CXX_LIBRARY = "libc++";
				CLANG_ENABLE_MODULES = YES;
				CLANG_ENABLE_OBJC_ARC = YES;
				CLANG_WARN_BOOL_CONVERSION = YES;
				CLANG_WARN_CONSTANT_CONVERSION = YES;
				CLANG_WARN_DIRECT_OBJC_ISA_USAGE = YES_ERROR;
				CLANG_WARN_EMPTY_BODY = YES;
				CLANG_WARN_ENUM_CONVERSION = YES;
				CLANG_WARN_INT_CONVERSION = YES;
				CLANG_WARN_OBJC_ROOT_CLASS = YES_ERROR;
				CLANG_WARN_UNREACHABLE_CODE = YES;
				CLANG_WARN__DUPLICATE_METHOD_MATCH = YES;
				"CODE_SIGN_IDENTITY[sdk=iphoneos*]" = "iPhone Developer";
				COPY_PHASE_STRIP = NO;
				DEBUG_INFORMATION_FORMAT = "dwarf-with-dsym";
				ENABLE_NS_ASSERTIONS = NO;
				ENABLE_STRICT_OBJC_MSGSEND = YES;
				GCC_C_LANGUAGE_STANDARD = gnu99;
				GCC_NO_COMMON_BLOCKS = YES;
				GCC_WARN_64_TO_32_BIT_CONVERSION = YES;
				GCC_WARN_ABOUT_RETURN_TYPE = YES_ERROR;
				GCC_WARN_UNDECLARED_SELECTOR = YES;
				GCC_WARN_UNINITIALIZED_AUTOS = YES_AGGRESSIVE;
				GCC_WARN_UNUSED_FUNCTION = YES;
				GCC_WARN_UNUSED_VARIABLE = YES;
				IPHONEOS_DEPLOYMENT_TARGET = 9.3;
				MTL_ENABLE_DEBUG_INFO = NO;
				SDKROOT = iphoneos;
				TARGETED_DEVICE_FAMILY = "1,2";
				VALIDATE_PRODUCT = YES;
			};
			name = Release;
		};
		FAEE49ED1CCC686E004F0433 /* Debug */ = {
			isa = XCBuildConfiguration;
			baseConfigurationReference = AB0394E0A7D2210F9AE6DC9F /* Pods-WatchPTLose.debug.xcconfig */;
			buildSettings = {
				ASSETCATALOG_COMPILER_APPICON_NAME = AppIcon;
				INFOPLIST_FILE = WatchPTLose/Info.plist;
				IPHONEOS_DEPLOYMENT_TARGET = 9.0;
				LD_RUNPATH_SEARCH_PATHS = "$(inherited) @executable_path/Frameworks";
				PRODUCT_BUNDLE_IDENTIFIER = com.skorulis.WatchPTLose;
				PRODUCT_NAME = "$(TARGET_NAME)";
			};
			name = Debug;
		};
		FAEE49EE1CCC686E004F0433 /* Release */ = {
			isa = XCBuildConfiguration;
			baseConfigurationReference = D25D3925E54F03077FA361E8 /* Pods-WatchPTLose.release.xcconfig */;
			buildSettings = {
				ASSETCATALOG_COMPILER_APPICON_NAME = AppIcon;
				INFOPLIST_FILE = WatchPTLose/Info.plist;
				IPHONEOS_DEPLOYMENT_TARGET = 9.0;
				LD_RUNPATH_SEARCH_PATHS = "$(inherited) @executable_path/Frameworks";
				PRODUCT_BUNDLE_IDENTIFIER = com.skorulis.WatchPTLose;
				PRODUCT_NAME = "$(TARGET_NAME)";
			};
			name = Release;
		};
		FAEE49F01CCC686E004F0433 /* Debug */ = {
			isa = XCBuildConfiguration;
			buildSettings = {
				BUNDLE_LOADER = "$(TEST_HOST)";
				INFOPLIST_FILE = WatchPTLoseTests/Info.plist;
				LD_RUNPATH_SEARCH_PATHS = "$(inherited) @executable_path/Frameworks @loader_path/Frameworks";
				PRODUCT_BUNDLE_IDENTIFIER = com.skorulis.WatchPTLoseTests;
				PRODUCT_NAME = "$(TARGET_NAME)";
				TEST_HOST = "$(BUILT_PRODUCTS_DIR)/WatchPTLose.app/WatchPTLose";
			};
			name = Debug;
		};
		FAEE49F11CCC686E004F0433 /* Release */ = {
			isa = XCBuildConfiguration;
			buildSettings = {
				BUNDLE_LOADER = "$(TEST_HOST)";
				INFOPLIST_FILE = WatchPTLoseTests/Info.plist;
				LD_RUNPATH_SEARCH_PATHS = "$(inherited) @executable_path/Frameworks @loader_path/Frameworks";
				PRODUCT_BUNDLE_IDENTIFIER = com.skorulis.WatchPTLoseTests;
				PRODUCT_NAME = "$(TARGET_NAME)";
				TEST_HOST = "$(BUILT_PRODUCTS_DIR)/WatchPTLose.app/WatchPTLose";
			};
			name = Release;
		};
/* End XCBuildConfiguration section */

/* Begin XCConfigurationList section */
		FAEE49C51CCC686E004F0433 /* Build configuration list for PBXProject "WatchPTLose" */ = {
			isa = XCConfigurationList;
			buildConfigurations = (
				FAEE49EA1CCC686E004F0433 /* Debug */,
				FAEE49EB1CCC686E004F0433 /* Release */,
			);
			defaultConfigurationIsVisible = 0;
			defaultConfigurationName = Release;
		};
		FAEE49EC1CCC686E004F0433 /* Build configuration list for PBXNativeTarget "WatchPTLose" */ = {
			isa = XCConfigurationList;
			buildConfigurations = (
				FAEE49ED1CCC686E004F0433 /* Debug */,
				FAEE49EE1CCC686E004F0433 /* Release */,
			);
			defaultConfigurationIsVisible = 0;
			defaultConfigurationName = Release;
		};
		FAEE49EF1CCC686E004F0433 /* Build configuration list for PBXNativeTarget "WatchPTLoseTests" */ = {
			isa = XCConfigurationList;
			buildConfigurations = (
				FAEE49F01CCC686E004F0433 /* Debug */,
				FAEE49F11CCC686E004F0433 /* Release */,
			);
			defaultConfigurationIsVisible = 0;
			defaultConfigurationName = Release;
		};
/* End XCConfigurationList section */
	};
	rootObject = FAEE49C21CCC686E004F0433 /* Project object */;
}
